
Microsoft Visual Studio Solution File, Format Version 12.00
# Visual Studio Version 17
VisualStudioVersion = 17.2.32630.192
MinimumVisualStudioVersion = 10.0.40219.1
Project("{FAE04EC0-301F-11D3-BF4B-00C04F79EFBC}") = "qa-web-05082022", "qa-web-05082022\qa-web-05082022.csproj", "{F92C1C3F-8CBC-4713-A2CD-A346D7C7A377}"
EndProject
Global
	GlobalSection(SolutionConfigurationPlatforms) = preSolution
		Debug|Any CPU = Debug|Any CPU
		Release|Any CPU = Release|Any CPU
	EndGlobalSection
	GlobalSection(ProjectConfigurationPlatforms) = postSolution
		{F92C1C3F-8CBC-4713-A2CD-A346D7C7A377}.Debug|Any CPU.ActiveCfg = Debug|Any CPU
		{F92C1C3F-8CBC-4713-A2CD-A346D7C7A377}.Debug|Any CPU.Build.0 = Debug|Any CPU
		{F92C1C3F-8CBC-4713-A2CD-A346D7C7A377}.Release|Any CPU.ActiveCfg = Release|Any CPU
		{F92C1C3F-8CBC-4713-A2CD-A346D7C7A377}.Release|Any CPU.Build.0 = Release|Any CPU
	EndGlobalSection
	GlobalSection(SolutionProperties) = preSolution
		HideSolutionNode = FALSE
	EndGlobalSection
	GlobalSection(ExtensibilityGlobals) = postSolution
		SolutionGuid = {69E7D3A3-10CB-4FCC-ACE1-92ADE8CD1DE7}
	EndGlobalSection
EndGlobal
